
Microsoft Visual Studio Solution File, Format Version 12.00
# Visual Studio 14
VisualStudioVersion = 14.0.25420.1
MinimumVisualStudioVersion = 10.0.40219.1
Project("{FAE04EC0-301F-11D3-BF4B-00C04F79EFBC}") = "LDSHymnsXamarin", "LDSHymnsXamarin\LDSHymnsXamarin\LDSHymnsXamarin.csproj", "{15DEFEF8-48CD-4A5C-835D-61C0A1A8712D}"
EndProject
Project("{FAE04EC0-301F-11D3-BF4B-00C04F79EFBC}") = "LDSHymnsXamarin.Droid", "LDSHymnsXamarin\LDSHymnsXamarin.Droid\LDSHymnsXamarin.Droid.csproj", "{4FE14556-4FB6-4FFD-974C-644E34E27AC4}"
EndProject
Project("{FAE04EC0-301F-11D3-BF4B-00C04F79EFBC}") = "LDSHymnsXamarin.iOS", "LDSHymnsXamarin\LDSHymnsXamarin.iOS\LDSHymnsXamarin.iOS.csproj", "{05C7FB20-3205-46DD-A2F3-C5F7F378ECD1}"
EndProject
Project("{FAE04EC0-301F-11D3-BF4B-00C04F79EFBC}") = "LDSHymnsXamarin.UWP", "LDSHymnsXamarin\LDSHymnsXamarin.UWP\LDSHymnsXamarin.UWP.csproj", "{5F6DC17C-EF87-4B4E-89AC-80CA6BC6F920}"
EndProject
Global
	GlobalSection(SolutionConfigurationPlatforms) = preSolution
		Ad-Hoc|Any CPU = Ad-Hoc|Any CPU
		Ad-Hoc|ARM = Ad-Hoc|ARM
		Ad-Hoc|iPhone = Ad-Hoc|iPhone
		Ad-Hoc|iPhoneSimulator = Ad-Hoc|iPhoneSimulator
		Ad-Hoc|x64 = Ad-Hoc|x64
		Ad-Hoc|x86 = Ad-Hoc|x86
		AppStore|Any CPU = AppStore|Any CPU
		AppStore|ARM = AppStore|ARM
		AppStore|iPhone = AppStore|iPhone
		AppStore|iPhoneSimulator = AppStore|iPhoneSimulator
		AppStore|x64 = AppStore|x64
		AppStore|x86 = AppStore|x86
		Debug|Any CPU = Debug|Any CPU
		Debug|ARM = Debug|ARM
		Debug|iPhone = Debug|iPhone
		Debug|iPhoneSimulator = Debug|iPhoneSimulator
		Debug|x64 = Debug|x64
		Debug|x86 = Debug|x86
		Release|Any CPU = Release|Any CPU
		Release|ARM = Release|ARM
		Release|iPhone = Release|iPhone
		Release|iPhoneSimulator = Release|iPhoneSimulator
		Release|x64 = Release|x64
		Release|x86 = Release|x86
	EndGlobalSection
	GlobalSection(ProjectConfigurationPlatforms) = postSolution
		{15DEFEF8-48CD-4A5C-835D-61C0A1A8712D}.Ad-Hoc|Any CPU.ActiveCfg = Release|Any CPU
		{15DEFEF8-48CD-4A5C-835D-61C0A1A8712D}.Ad-Hoc|Any CPU.Build.0 = Release|Any CPU
		{15DEFEF8-48CD-4A5C-835D-61C0A1A8712D}.Ad-Hoc|ARM.ActiveCfg = Release|Any CPU
		{15DEFEF8-48CD-4A5C-835D-61C0A1A8712D}.Ad-Hoc|ARM.Build.0 = Release|Any CPU
		{15DEFEF8-48CD-4A5C-835D-61C0A1A8712D}.Ad-Hoc|iPhone.ActiveCfg = Release|Any CPU
		{15DEFEF8-48CD-4A5C-835D-61C0A1A8712D}.Ad-Hoc|iPhone.Build.0 = Release|Any CPU
		{15DEFEF8-48CD-4A5C-835D-61C0A1A8712D}.Ad-Hoc|iPhoneSimulator.ActiveCfg = Release|Any CPU
		{15DEFEF8-48CD-4A5C-835D-61C0A1A8712D}.Ad-Hoc|iPhoneSimulator.Build.0 = Release|Any CPU
		{15DEFEF8-48CD-4A5C-835D-61C0A1A8712D}.Ad-Hoc|x64.ActiveCfg = Release|Any CPU
		{15DEFEF8-48CD-4A5C-835D-61C0A1A8712D}.Ad-Hoc|x64.Build.0 = Release|Any CPU
		{15DEFEF8-48CD-4A5C-835D-61C0A1A8712D}.Ad-Hoc|x86.ActiveCfg = Release|Any CPU
		{15DEFEF8-48CD-4A5C-835D-61C0A1A8712D}.Ad-Hoc|x86.Build.0 = Release|Any CPU
		{15DEFEF8-48CD-4A5C-835D-61C0A1A8712D}.AppStore|Any CPU.ActiveCfg = Release|Any CPU
		{15DEFEF8-48CD-4A5C-835D-61C0A1A8712D}.AppStore|Any CPU.Build.0 = Release|Any CPU
		{15DEFEF8-48CD-4A5C-835D-61C0A1A8712D}.AppStore|ARM.ActiveCfg = Release|Any CPU
		{15DEFEF8-48CD-4A5C-835D-61C0A1A8712D}.AppStore|ARM.Build.0 = Release|Any CPU
		{15DEFEF8-48CD-4A5C-835D-61C0A1A8712D}.AppStore|iPhone.ActiveCfg = Release|Any CPU
		{15DEFEF8-48CD-4A5C-835D-61C0A1A8712D}.AppStore|iPhone.Build.0 = Release|Any CPU
		{15DEFEF8-48CD-4A5C-835D-61C0A1A8712D}.AppStore|iPhoneSimulator.ActiveCfg = Release|Any CPU
		{15DEFEF8-48CD-4A5C-835D-61C0A1A8712D}.AppStore|iPhoneSimulator.Build.0 = Release|Any CPU
		{15DEFEF8-48CD-4A5C-835D-61C0A1A8712D}.AppStore|x64.ActiveCfg = Release|Any CPU
		{15DEFEF8-48CD-4A5C-835D-61C0A1A8712D}.AppStore|x64.Build.0 = Release|Any CPU
		{15DEFEF8-48CD-4A5C-835D-61C0A1A8712D}.AppStore|x86.ActiveCfg = Release|Any CPU
		{15DEFEF8-48CD-4A5C-835D-61C0A1A8712D}.AppStore|x86.Build.0 = Release|Any CPU
		{15DEFEF8-48CD-4A5C-835D-61C0A1A8712D}.Debug|Any CPU.ActiveCfg = Debug|Any CPU
		{15DEFEF8-48CD-4A5C-835D-61C0A1A8712D}.Debug|Any CPU.Build.0 = Debug|Any CPU
		{15DEFEF8-48CD-4A5C-835D-61C0A1A8712D}.Debug|ARM.ActiveCfg = Debug|Any CPU
		{15DEFEF8-48CD-4A5C-835D-61C0A1A8712D}.Debug|ARM.Build.0 = Debug|Any CPU
		{15DEFEF8-48CD-4A5C-835D-61C0A1A8712D}.Debug|iPhone.ActiveCfg = Debug|Any CPU
		{15DEFEF8-48CD-4A5C-835D-61C0A1A8712D}.Debug|iPhone.Build.0 = Debug|Any CPU
		{15DEFEF8-48CD-4A5C-835D-61C0A1A8712D}.Debug|iPhoneSimulator.ActiveCfg = Debug|Any CPU
		{15DEFEF8-48CD-4A5C-835D-61C0A1A8712D}.Debug|iPhoneSimulator.Build.0 = Debug|Any CPU
		{15DEFEF8-48CD-4A5C-835D-61C0A1A8712D}.Debug|x64.ActiveCfg = Debug|Any CPU
		{15DEFEF8-48CD-4A5C-835D-61C0A1A8712D}.Debug|x64.Build.0 = Debug|Any CPU
		{15DEFEF8-48CD-4A5C-835D-61C0A1A8712D}.Debug|x86.ActiveCfg = Debug|Any CPU
		{15DEFEF8-48CD-4A5C-835D-61C0A1A8712D}.Debug|x86.Build.0 = Debug|Any CPU
		{15DEFEF8-48CD-4A5C-835D-61C0A1A8712D}.Release|Any CPU.ActiveCfg = Release|Any CPU
		{15DEFEF8-48CD-4A5C-835D-61C0A1A8712D}.Release|Any CPU.Build.0 = Release|Any CPU
		{15DEFEF8-48CD-4A5C-835D-61C0A1A8712D}.Release|ARM.ActiveCfg = Release|Any CPU
		{15DEFEF8-48CD-4A5C-835D-61C0A1A8712D}.Release|ARM.Build.0 = Release|Any CPU
		{15DEFEF8-48CD-4A5C-835D-61C0A1A8712D}.Release|iPhone.ActiveCfg = Release|Any CPU
		{15DEFEF8-48CD-4A5C-835D-61C0A1A8712D}.Release|iPhone.Build.0 = Release|Any CPU
		{15DEFEF8-48CD-4A5C-835D-61C0A1A8712D}.Release|iPhoneSimulator.ActiveCfg = Release|Any CPU
		{15DEFEF8-48CD-4A5C-835D-61C0A1A8712D}.Release|iPhoneSimulator.Build.0 = Release|Any CPU
		{15DEFEF8-48CD-4A5C-835D-61C0A1A8712D}.Release|x64.ActiveCfg = Release|Any CPU
		{15DEFEF8-48CD-4A5C-835D-61C0A1A8712D}.Release|x64.Build.0 = Release|Any CPU
		{15DEFEF8-48CD-4A5C-835D-61C0A1A8712D}.Release|x86.ActiveCfg = Release|Any CPU
		{15DEFEF8-48CD-4A5C-835D-61C0A1A8712D}.Release|x86.Build.0 = Release|Any CPU
		{4FE14556-4FB6-4FFD-974C-644E34E27AC4}.Ad-Hoc|Any CPU.ActiveCfg = Release|Any CPU
		{4FE14556-4FB6-4FFD-974C-644E34E27AC4}.Ad-Hoc|Any CPU.Build.0 = Release|Any CPU
		{4FE14556-4FB6-4FFD-974C-644E34E27AC4}.Ad-Hoc|Any CPU.Deploy.0 = Release|Any CPU
		{4FE14556-4FB6-4FFD-974C-644E34E27AC4}.Ad-Hoc|ARM.ActiveCfg = Release|Any CPU
		{4FE14556-4FB6-4FFD-974C-644E34E27AC4}.Ad-Hoc|ARM.Build.0 = Release|Any CPU
		{4FE14556-4FB6-4FFD-974C-644E34E27AC4}.Ad-Hoc|ARM.Deploy.0 = Release|Any CPU
		{4FE14556-4FB6-4FFD-974C-644E34E27AC4}.Ad-Hoc|iPhone.ActiveCfg = Release|Any CPU
		{4FE14556-4FB6-4FFD-974C-644E34E27AC4}.Ad-Hoc|iPhone.Build.0 = Release|Any CPU
		{4FE14556-4FB6-4FFD-974C-644E34E27AC4}.Ad-Hoc|iPhone.Deploy.0 = Release|Any CPU
		{4FE14556-4FB6-4FFD-974C-644E34E27AC4}.Ad-Hoc|iPhoneSimulator.ActiveCfg = Release|Any CPU
		{4FE14556-4FB6-4FFD-974C-644E34E27AC4}.Ad-Hoc|iPhoneSimulator.Build.0 = Release|Any CPU
		{4FE14556-4FB6-4FFD-974C-644E34E27AC4}.Ad-Hoc|iPhoneSimulator.Deploy.0 = Release|Any CPU
		{4FE14556-4FB6-4FFD-974C-644E34E27AC4}.Ad-Hoc|x64.ActiveCfg = Release|Any CPU
		{4FE14556-4FB6-4FFD-974C-644E34E27AC4}.Ad-Hoc|x64.Build.0 = Release|Any CPU
		{4FE14556-4FB6-4FFD-974C-644E34E27AC4}.Ad-Hoc|x64.Deploy.0 = Release|Any CPU
		{4FE14556-4FB6-4FFD-974C-644E34E27AC4}.Ad-Hoc|x86.ActiveCfg = Release|Any CPU
		{4FE14556-4FB6-4FFD-974C-644E34E27AC4}.Ad-Hoc|x86.Build.0 = Release|Any CPU
		{4FE14556-4FB6-4FFD-974C-644E34E27AC4}.Ad-Hoc|x86.Deploy.0 = Release|Any CPU
		{4FE14556-4FB6-4FFD-974C-644E34E27AC4}.AppStore|Any CPU.ActiveCfg = Release|Any CPU
		{4FE14556-4FB6-4FFD-974C-644E34E27AC4}.AppStore|Any CPU.Build.0 = Release|Any CPU
		{4FE14556-4FB6-4FFD-974C-644E34E27AC4}.AppStore|Any CPU.Deploy.0 = Release|Any CPU
		{4FE14556-4FB6-4FFD-974C-644E34E27AC4}.AppStore|ARM.ActiveCfg = Release|Any CPU
		{4FE14556-4FB6-4FFD-974C-644E34E27AC4}.AppStore|ARM.Build.0 = Release|Any CPU
		{4FE14556-4FB6-4FFD-974C-644E34E27AC4}.AppStore|ARM.Deploy.0 = Release|Any CPU
		{4FE14556-4FB6-4FFD-974C-644E34E27AC4}.AppStore|iPhone.ActiveCfg = Release|Any CPU
		{4FE14556-4FB6-4FFD-974C-644E34E27AC4}.AppStore|iPhone.Build.0 = Release|Any CPU
		{4FE14556-4FB6-4FFD-974C-644E34E27AC4}.AppStore|iPhone.Deploy.0 = Release|Any CPU
		{4FE14556-4FB6-4FFD-974C-644E34E27AC4}.AppStore|iPhoneSimulator.ActiveCfg = Release|Any CPU
		{4FE14556-4FB6-4FFD-974C-644E34E27AC4}.AppStore|iPhoneSimulator.Build.0 = Release|Any CPU
		{4FE14556-4FB6-4FFD-974C-644E34E27AC4}.AppStore|iPhoneSimulator.Deploy.0 = Release|Any CPU
		{4FE14556-4FB6-4FFD-974C-644E34E27AC4}.AppStore|x64.ActiveCfg = Release|Any CPU
		{4FE14556-4FB6-4FFD-974C-644E34E27AC4}.AppStore|x64.Build.0 = Release|Any CPU
		{4FE14556-4FB6-4FFD-974C-644E34E27AC4}.AppStore|x64.Deploy.0 = Release|Any CPU
		{4FE14556-4FB6-4FFD-974C-644E34E27AC4}.AppStore|x86.ActiveCfg = Release|Any CPU
		{4FE14556-4FB6-4FFD-974C-644E34E27AC4}.AppStore|x86.Build.0 = Release|Any CPU
		{4FE14556-4FB6-4FFD-974C-644E34E27AC4}.AppStore|x86.Deploy.0 = Release|Any CPU
		{4FE14556-4FB6-4FFD-974C-644E34E27AC4}.Debug|Any CPU.ActiveCfg = Debug|Any CPU
		{4FE14556-4FB6-4FFD-974C-644E34E27AC4}.Debug|Any CPU.Build.0 = Debug|Any CPU
		{4FE14556-4FB6-4FFD-974C-644E34E27AC4}.Debug|Any CPU.Deploy.0 = Debug|Any CPU
		{4FE14556-4FB6-4FFD-974C-644E34E27AC4}.Debug|ARM.ActiveCfg = Debug|Any CPU
		{4FE14556-4FB6-4FFD-974C-644E34E27AC4}.Debug|ARM.Build.0 = Debug|Any CPU
		{4FE14556-4FB6-4FFD-974C-644E34E27AC4}.Debug|ARM.Deploy.0 = Debug|Any CPU
		{4FE14556-4FB6-4FFD-974C-644E34E27AC4}.Debug|iPhone.ActiveCfg = Debug|Any CPU
		{4FE14556-4FB6-4FFD-974C-644E34E27AC4}.Debug|iPhone.Build.0 = Debug|Any CPU
		{4FE14556-4FB6-4FFD-974C-644E34E27AC4}.Debug|iPhone.Deploy.0 = Debug|Any CPU
		{4FE14556-4FB6-4FFD-974C-644E34E27AC4}.Debug|iPhoneSimulator.ActiveCfg = Debug|Any CPU
		{4FE14556-4FB6-4FFD-974C-644E34E27AC4}.Debug|iPhoneSimulator.Build.0 = Debug|Any CPU
		{4FE14556-4FB6-4FFD-974C-644E34E27AC4}.Debug|iPhoneSimulator.Deploy.0 = Debug|Any CPU
		{4FE14556-4FB6-4FFD-974C-644E34E27AC4}.Debug|x64.ActiveCfg = Debug|Any CPU
		{4FE14556-4FB6-4FFD-974C-644E34E27AC4}.Debug|x64.Build.0 = Debug|Any CPU
		{4FE14556-4FB6-4FFD-974C-644E34E27AC4}.Debug|x64.Deploy.0 = Debug|Any CPU
		{4FE14556-4FB6-4FFD-974C-644E34E27AC4}.Debug|x86.ActiveCfg = Debug|Any CPU
		{4FE14556-4FB6-4FFD-974C-644E34E27AC4}.Debug|x86.Build.0 = Debug|Any CPU
		{4FE14556-4FB6-4FFD-974C-644E34E27AC4}.Debug|x86.Deploy.0 = Debug|Any CPU
		{4FE14556-4FB6-4FFD-974C-644E34E27AC4}.Release|Any CPU.ActiveCfg = Release|Any CPU
		{4FE14556-4FB6-4FFD-974C-644E34E27AC4}.Release|Any CPU.Build.0 = Release|Any CPU
		{4FE14556-4FB6-4FFD-974C-644E34E27AC4}.Release|Any CPU.Deploy.0 = Release|Any CPU
		{4FE14556-4FB6-4FFD-974C-644E34E27AC4}.Release|ARM.ActiveCfg = Release|Any CPU
		{4FE14556-4FB6-4FFD-974C-644E34E27AC4}.Release|ARM.Build.0 = Release|Any CPU
		{4FE14556-4FB6-4FFD-974C-644E34E27AC4}.Release|ARM.Deploy.0 = Release|Any CPU
		{4FE14556-4FB6-4FFD-974C-644E34E27AC4}.Release|iPhone.ActiveCfg = Release|Any CPU
		{4FE14556-4FB6-4FFD-974C-644E34E27AC4}.Release|iPhone.Build.0 = Release|Any CPU
		{4FE14556-4FB6-4FFD-974C-644E34E27AC4}.Release|iPhone.Deploy.0 = Release|Any CPU
		{4FE14556-4FB6-4FFD-974C-644E34E27AC4}.Release|iPhoneSimulator.ActiveCfg = Release|Any CPU
		{4FE14556-4FB6-4FFD-974C-644E34E27AC4}.Release|iPhoneSimulator.Build.0 = Release|Any CPU
		{4FE14556-4FB6-4FFD-974C-644E34E27AC4}.Release|iPhoneSimulator.Deploy.0 = Release|Any CPU
		{4FE14556-4FB6-4FFD-974C-644E34E27AC4}.Release|x64.ActiveCfg = Release|Any CPU
		{4FE14556-4FB6-4FFD-974C-644E34E27AC4}.Release|x64.Build.0 = Release|Any CPU
		{4FE14556-4FB6-4FFD-974C-644E34E27AC4}.Release|x64.Deploy.0 = Release|Any CPU
		{4FE14556-4FB6-4FFD-974C-644E34E27AC4}.Release|x86.ActiveCfg = Release|Any CPU
		{4FE14556-4FB6-4FFD-974C-644E34E27AC4}.Release|x86.Build.0 = Release|Any CPU
		{4FE14556-4FB6-4FFD-974C-644E34E27AC4}.Release|x86.Deploy.0 = Release|Any CPU
		{05C7FB20-3205-46DD-A2F3-C5F7F378ECD1}.Ad-Hoc|Any CPU.ActiveCfg = Ad-Hoc|iPhone
		{05C7FB20-3205-46DD-A2F3-C5F7F378ECD1}.Ad-Hoc|ARM.ActiveCfg = Ad-Hoc|iPhone
		{05C7FB20-3205-46DD-A2F3-C5F7F378ECD1}.Ad-Hoc|iPhone.ActiveCfg = Ad-Hoc|iPhone
		{05C7FB20-3205-46DD-A2F3-C5F7F378ECD1}.Ad-Hoc|iPhone.Build.0 = Ad-Hoc|iPhone
		{05C7FB20-3205-46DD-A2F3-C5F7F378ECD1}.Ad-Hoc|iPhoneSimulator.ActiveCfg = Ad-Hoc|iPhoneSimulator
		{05C7FB20-3205-46DD-A2F3-C5F7F378ECD1}.Ad-Hoc|iPhoneSimulator.Build.0 = Ad-Hoc|iPhoneSimulator
		{05C7FB20-3205-46DD-A2F3-C5F7F378ECD1}.Ad-Hoc|x64.ActiveCfg = Ad-Hoc|iPhone
		{05C7FB20-3205-46DD-A2F3-C5F7F378ECD1}.Ad-Hoc|x86.ActiveCfg = Ad-Hoc|iPhone
		{05C7FB20-3205-46DD-A2F3-C5F7F378ECD1}.AppStore|Any CPU.ActiveCfg = AppStore|iPhone
		{05C7FB20-3205-46DD-A2F3-C5F7F378ECD1}.AppStore|ARM.ActiveCfg = AppStore|iPhone
		{05C7FB20-3205-46DD-A2F3-C5F7F378ECD1}.AppStore|iPhone.ActiveCfg = AppStore|iPhone
		{05C7FB20-3205-46DD-A2F3-C5F7F378ECD1}.AppStore|iPhone.Build.0 = AppStore|iPhone
		{05C7FB20-3205-46DD-A2F3-C5F7F378ECD1}.AppStore|iPhoneSimulator.ActiveCfg = AppStore|iPhoneSimulator
		{05C7FB20-3205-46DD-A2F3-C5F7F378ECD1}.AppStore|iPhoneSimulator.Build.0 = AppStore|iPhoneSimulator
		{05C7FB20-3205-46DD-A2F3-C5F7F378ECD1}.AppStore|x64.ActiveCfg = AppStore|iPhone
		{05C7FB20-3205-46DD-A2F3-C5F7F378ECD1}.AppStore|x86.ActiveCfg = AppStore|iPhone
		{05C7FB20-3205-46DD-A2F3-C5F7F378ECD1}.Debug|Any CPU.ActiveCfg = Debug|iPhone
		{05C7FB20-3205-46DD-A2F3-C5F7F378ECD1}.Debug|ARM.ActiveCfg = Debug|iPhone
		{05C7FB20-3205-46DD-A2F3-C5F7F378ECD1}.Debug|iPhone.ActiveCfg = Debug|iPhone
		{05C7FB20-3205-46DD-A2F3-C5F7F378ECD1}.Debug|iPhone.Build.0 = Debug|iPhone
		{05C7FB20-3205-46DD-A2F3-C5F7F378ECD1}.Debug|iPhoneSimulator.ActiveCfg = Debug|iPhoneSimulator
		{05C7FB20-3205-46DD-A2F3-C5F7F378ECD1}.Debug|iPhoneSimulator.Build.0 = Debug|iPhoneSimulator
		{05C7FB20-3205-46DD-A2F3-C5F7F378ECD1}.Debug|x64.ActiveCfg = Debug|iPhone
		{05C7FB20-3205-46DD-A2F3-C5F7F378ECD1}.Debug|x86.ActiveCfg = Debug|iPhone
		{05C7FB20-3205-46DD-A2F3-C5F7F378ECD1}.Release|Any CPU.ActiveCfg = Release|iPhone
		{05C7FB20-3205-46DD-A2F3-C5F7F378ECD1}.Release|ARM.ActiveCfg = Release|iPhone
		{05C7FB20-3205-46DD-A2F3-C5F7F378ECD1}.Release|iPhone.ActiveCfg = Release|iPhone
		{05C7FB20-3205-46DD-A2F3-C5F7F378ECD1}.Release|iPhone.Build.0 = Release|iPhone
		{05C7FB20-3205-46DD-A2F3-C5F7F378ECD1}.Release|iPhoneSimulator.ActiveCfg = Release|iPhoneSimulator
		{05C7FB20-3205-46DD-A2F3-C5F7F378ECD1}.Release|iPhoneSimulator.Build.0 = Release|iPhoneSimulator
		{05C7FB20-3205-46DD-A2F3-C5F7F378ECD1}.Release|x64.ActiveCfg = Release|iPhone
		{05C7FB20-3205-46DD-A2F3-C5F7F378ECD1}.Release|x86.ActiveCfg = Release|iPhone
		{5F6DC17C-EF87-4B4E-89AC-80CA6BC6F920}.Ad-Hoc|Any CPU.ActiveCfg = Release|x86
		{5F6DC17C-EF87-4B4E-89AC-80CA6BC6F920}.Ad-Hoc|Any CPU.Build.0 = Release|x86
		{5F6DC17C-EF87-4B4E-89AC-80CA6BC6F920}.Ad-Hoc|Any CPU.Deploy.0 = Release|x86
		{5F6DC17C-EF87-4B4E-89AC-80CA6BC6F920}.Ad-Hoc|ARM.ActiveCfg = Release|ARM
		{5F6DC17C-EF87-4B4E-89AC-80CA6BC6F920}.Ad-Hoc|ARM.Build.0 = Release|ARM
		{5F6DC17C-EF87-4B4E-89AC-80CA6BC6F920}.Ad-Hoc|ARM.Deploy.0 = Release|ARM
		{5F6DC17C-EF87-4B4E-89AC-80CA6BC6F920}.Ad-Hoc|iPhone.ActiveCfg = Release|x86
		{5F6DC17C-EF87-4B4E-89AC-80CA6BC6F920}.Ad-Hoc|iPhone.Build.0 = Release|x86
		{5F6DC17C-EF87-4B4E-89AC-80CA6BC6F920}.Ad-Hoc|iPhone.Deploy.0 = Release|x86
		{5F6DC17C-EF87-4B4E-89AC-80CA6BC6F920}.Ad-Hoc|iPhoneSimulator.ActiveCfg = Release|x86
		{5F6DC17C-EF87-4B4E-89AC-80CA6BC6F920}.Ad-Hoc|iPhoneSimulator.Build.0 = Release|x86
		{5F6DC17C-EF87-4B4E-89AC-80CA6BC6F920}.Ad-Hoc|iPhoneSimulator.Deploy.0 = Release|x86
		{5F6DC17C-EF87-4B4E-89AC-80CA6BC6F920}.Ad-Hoc|x64.ActiveCfg = Release|x64
		{5F6DC17C-EF87-4B4E-89AC-80CA6BC6F920}.Ad-Hoc|x64.Build.0 = Release|x64
		{5F6DC17C-EF87-4B4E-89AC-80CA6BC6F920}.Ad-Hoc|x64.Deploy.0 = Release|x64
		{5F6DC17C-EF87-4B4E-89AC-80CA6BC6F920}.Ad-Hoc|x86.ActiveCfg = Release|x86
		{5F6DC17C-EF87-4B4E-89AC-80CA6BC6F920}.Ad-Hoc|x86.Build.0 = Release|x86
		{5F6DC17C-EF87-4B4E-89AC-80CA6BC6F920}.Ad-Hoc|x86.Deploy.0 = Release|x86
		{5F6DC17C-EF87-4B4E-89AC-80CA6BC6F920}.AppStore|Any CPU.ActiveCfg = Release|x86
		{5F6DC17C-EF87-4B4E-89AC-80CA6BC6F920}.AppStore|Any CPU.Build.0 = Release|x86
		{5F6DC17C-EF87-4B4E-89AC-80CA6BC6F920}.AppStore|Any CPU.Deploy.0 = Release|x86
		{5F6DC17C-EF87-4B4E-89AC-80CA6BC6F920}.AppStore|ARM.ActiveCfg = Release|ARM
		{5F6DC17C-EF87-4B4E-89AC-80CA6BC6F920}.AppStore|ARM.Build.0 = Release|ARM
		{5F6DC17C-EF87-4B4E-89AC-80CA6BC6F920}.AppStore|ARM.Deploy.0 = Release|ARM
		{5F6DC17C-EF87-4B4E-89AC-80CA6BC6F920}.AppStore|iPhone.ActiveCfg = Release|x86
		{5F6DC17C-EF87-4B4E-89AC-80CA6BC6F920}.AppStore|iPhone.Build.0 = Release|x86
		{5F6DC17C-EF87-4B4E-89AC-80CA6BC6F920}.AppStore|iPhone.Deploy.0 = Release|x86
		{5F6DC17C-EF87-4B4E-89AC-80CA6BC6F920}.AppStore|iPhoneSimulator.ActiveCfg = Release|x86
		{5F6DC17C-EF87-4B4E-89AC-80CA6BC6F920}.AppStore|iPhoneSimulator.Build.0 = Release|x86
		{5F6DC17C-EF87-4B4E-89AC-80CA6BC6F920}.AppStore|iPhoneSimulator.Deploy.0 = Release|x86
		{5F6DC17C-EF87-4B4E-89AC-80CA6BC6F920}.AppStore|x64.ActiveCfg = Release|x64
		{5F6DC17C-EF87-4B4E-89AC-80CA6BC6F920}.AppStore|x64.Build.0 = Release|x64
		{5F6DC17C-EF87-4B4E-89AC-80CA6BC6F920}.AppStore|x64.Deploy.0 = Release|x64
		{5F6DC17C-EF87-4B4E-89AC-80CA6BC6F920}.AppStore|x86.ActiveCfg = Release|x86
		{5F6DC17C-EF87-4B4E-89AC-80CA6BC6F920}.AppStore|x86.Build.0 = Release|x86
		{5F6DC17C-EF87-4B4E-89AC-80CA6BC6F920}.AppStore|x86.Deploy.0 = Release|x86
		{5F6DC17C-EF87-4B4E-89AC-80CA6BC6F920}.Debug|Any CPU.ActiveCfg = Debug|x86
		{5F6DC17C-EF87-4B4E-89AC-80CA6BC6F920}.Debug|ARM.ActiveCfg = Debug|ARM
		{5F6DC17C-EF87-4B4E-89AC-80CA6BC6F920}.Debug|ARM.Build.0 = Debug|ARM
		{5F6DC17C-EF87-4B4E-89AC-80CA6BC6F920}.Debug|ARM.Deploy.0 = Debug|ARM
		{5F6DC17C-EF87-4B4E-89AC-80CA6BC6F920}.Debug|iPhone.ActiveCfg = Debug|x86
		{5F6DC17C-EF87-4B4E-89AC-80CA6BC6F920}.Debug|iPhoneSimulator.ActiveCfg = Debug|x86
		{5F6DC17C-EF87-4B4E-89AC-80CA6BC6F920}.Debug|x64.ActiveCfg = Debug|x64
		{5F6DC17C-EF87-4B4E-89AC-80CA6BC6F920}.Debug|x64.Build.0 = Debug|x64
		{5F6DC17C-EF87-4B4E-89AC-80CA6BC6F920}.Debug|x64.Deploy.0 = Debug|x64
		{5F6DC17C-EF87-4B4E-89AC-80CA6BC6F920}.Debug|x86.ActiveCfg = Debug|x86
		{5F6DC17C-EF87-4B4E-89AC-80CA6BC6F920}.Debug|x86.Build.0 = Debug|x86
		{5F6DC17C-EF87-4B4E-89AC-80CA6BC6F920}.Debug|x86.Deploy.0 = Debug|x86
		{5F6DC17C-EF87-4B4E-89AC-80CA6BC6F920}.Release|Any CPU.ActiveCfg = Release|x86
		{5F6DC17C-EF87-4B4E-89AC-80CA6BC6F920}.Release|ARM.ActiveCfg = Release|ARM
		{5F6DC17C-EF87-4B4E-89AC-80CA6BC6F920}.Release|ARM.Build.0 = Release|ARM
		{5F6DC17C-EF87-4B4E-89AC-80CA6BC6F920}.Release|ARM.Deploy.0 = Release|ARM
		{5F6DC17C-EF87-4B4E-89AC-80CA6BC6F920}.Release|iPhone.ActiveCfg = Release|x86
		{5F6DC17C-EF87-4B4E-89AC-80CA6BC6F920}.Release|iPhoneSimulator.ActiveCfg = Release|x86
		{5F6DC17C-EF87-4B4E-89AC-80CA6BC6F920}.Release|x64.ActiveCfg = Release|x64
		{5F6DC17C-EF87-4B4E-89AC-80CA6BC6F920}.Release|x64.Build.0 = Release|x64
		{5F6DC17C-EF87-4B4E-89AC-80CA6BC6F920}.Release|x64.Deploy.0 = Release|x64
		{5F6DC17C-EF87-4B4E-89AC-80CA6BC6F920}.Release|x86.ActiveCfg = Release|x86
		{5F6DC17C-EF87-4B4E-89AC-80CA6BC6F920}.Release|x86.Build.0 = Release|x86
		{5F6DC17C-EF87-4B4E-89AC-80CA6BC6F920}.Release|x86.Deploy.0 = Release|x86
	EndGlobalSection
	GlobalSection(SolutionProperties) = preSolution
		HideSolutionNode = FALSE
	EndGlobalSection
	GlobalSection(TeamFoundationVersionControl) = preSolution
		SccNumberOfProjects = 5
		SccEnterpriseProvider = {4CA58AB2-18FA-4F8D-95D4-32DDF27D184C}
		SccTeamFoundationServer = https://rennanchagas.visualstudio.com/defaultcollection
		SccLocalPath0 = .
		SccProjectUniqueName1 = LDSHymnsXamarin\\LDSHymnsXamarin.Droid\\LDSHymnsXamarin.Droid.csproj
		SccProjectName1 = LDSHymnsXamarin/LDSHymnsXamarin.Droid
		SccLocalPath1 = LDSHymnsXamarin\\LDSHymnsXamarin.Droid
		SccProjectUniqueName2 = LDSHymnsXamarin\\LDSHymnsXamarin.iOS\\LDSHymnsXamarin.iOS.csproj
		SccProjectName2 = LDSHymnsXamarin/LDSHymnsXamarin.iOS
		SccLocalPath2 = LDSHymnsXamarin\\LDSHymnsXamarin.iOS
		SccProjectUniqueName3 = LDSHymnsXamarin\\LDSHymnsXamarin.UWP\\LDSHymnsXamarin.UWP.csproj
		SccProjectName3 = LDSHymnsXamarin/LDSHymnsXamarin.UWP
		SccLocalPath3 = LDSHymnsXamarin\\LDSHymnsXamarin.UWP
		SccProjectUniqueName4 = LDSHymnsXamarin\\LDSHymnsXamarin\\LDSHymnsXamarin.csproj
		SccProjectName4 = LDSHymnsXamarin/LDSHymnsXamarin
		SccLocalPath4 = LDSHymnsXamarin\\LDSHymnsXamarin
	EndGlobalSection
EndGlobal
